
Microsoft Visual Studio Solution File, Format Version 12.00
# Visual Studio 14
VisualStudioVersion = 14.0.23107.0
MinimumVisualStudioVersion = 10.0.40219.1
Project("{FAE04EC0-301F-11D3-BF4B-00C04F79EFBC}") = "Ejercicio1", "Ejercicio1\Ejercicio1.csproj", "{838E1525-9DD2-426A-A4B8-F4996665C5A5}"
EndProject
Project("{FAE04EC0-301F-11D3-BF4B-00C04F79EFBC}") = "Ejercicio2", "Ejercicio2\Ejercicio2.csproj", "{C87BD961-1F8A-44B1-835B-8B82CDF0FB0B}"
EndProject
Project("{FAE04EC0-301F-11D3-BF4B-00C04F79EFBC}") = "Ejercicio3", "Ejercicio3\Ejercicio3.csproj", "{19D78A23-4EA5-4421-94FB-B698A9C71A07}"
EndProject
Project("{FAE04EC0-301F-11D3-BF4B-00C04F79EFBC}") = "Ejercicio4", "Ejercicio4\Ejercicio4.csproj", "{CA46821C-84D8-4BC0-B94A-3F482A996EC1}"
EndProject
Project("{FAE04EC0-301F-11D3-BF4B-00C04F79EFBC}") = "Ejercicio6", "Ejercicio6\Ejercicio6.csproj", "{BE121FB1-C2C9-4B0E-B31E-64C0BB686F85}"
EndProject
Project("{FAE04EC0-301F-11D3-BF4B-00C04F79EFBC}") = "Ejercicio5", "Ejercicio5\Ejercicio5.csproj", "{96B91271-17AD-457B-95AC-8BAE70747558}"
EndProject
Global
	GlobalSection(SolutionConfigurationPlatforms) = preSolution
		Debug|Any CPU = Debug|Any CPU
		Release|Any CPU = Release|Any CPU
	EndGlobalSection
	GlobalSection(ProjectConfigurationPlatforms) = postSolution
		{838E1525-9DD2-426A-A4B8-F4996665C5A5}.Debug|Any CPU.ActiveCfg = Debug|Any CPU
		{838E1525-9DD2-426A-A4B8-F4996665C5A5}.Debug|Any CPU.Build.0 = Debug|Any CPU
		{838E1525-9DD2-426A-A4B8-F4996665C5A5}.Release|Any CPU.ActiveCfg = Release|Any CPU
		{838E1525-9DD2-426A-A4B8-F4996665C5A5}.Release|Any CPU.Build.0 = Release|Any CPU
		{C87BD961-1F8A-44B1-835B-8B82CDF0FB0B}.Debug|Any CPU.ActiveCfg = Debug|Any CPU
		{C87BD961-1F8A-44B1-835B-8B82CDF0FB0B}.Debug|Any CPU.Build.0 = Debug|Any CPU
		{C87BD961-1F8A-44B1-835B-8B82CDF0FB0B}.Release|Any CPU.ActiveCfg = Release|Any CPU
		{C87BD961-1F8A-44B1-835B-8B82CDF0FB0B}.Release|Any CPU.Build.0 = Release|Any CPU
		{19D78A23-4EA5-4421-94FB-B698A9C71A07}.Debug|Any CPU.ActiveCfg = Debug|Any CPU
		{19D78A23-4EA5-4421-94FB-B698A9C71A07}.Debug|Any CPU.Build.0 = Debug|Any CPU
		{19D78A23-4EA5-4421-94FB-B698A9C71A07}.Release|Any CPU.ActiveCfg = Release|Any CPU
		{19D78A23-4EA5-4421-94FB-B698A9C71A07}.Release|Any CPU.Build.0 = Release|Any CPU
		{CA46821C-84D8-4BC0-B94A-3F482A996EC1}.Debug|Any CPU.ActiveCfg = Debug|Any CPU
		{CA46821C-84D8-4BC0-B94A-3F482A996EC1}.Debug|Any CPU.Build.0 = Debug|Any CPU
		{CA46821C-84D8-4BC0-B94A-3F482A996EC1}.Release|Any CPU.ActiveCfg = Release|Any CPU
		{CA46821C-84D8-4BC0-B94A-3F482A996EC1}.Release|Any CPU.Build.0 = Release|Any CPU
		{BE121FB1-C2C9-4B0E-B31E-64C0BB686F85}.Debug|Any CPU.ActiveCfg = Debug|Any CPU
		{BE121FB1-C2C9-4B0E-B31E-64C0BB686F85}.Debug|Any CPU.Build.0 = Debug|Any CPU
		{BE121FB1-C2C9-4B0E-B31E-64C0BB686F85}.Release|Any CPU.ActiveCfg = Release|Any CPU
		{BE121FB1-C2C9-4B0E-B31E-64C0BB686F85}.Release|Any CPU.Build.0 = Release|Any CPU
		{96B91271-17AD-457B-95AC-8BAE70747558}.Debug|Any CPU.ActiveCfg = Debug|Any CPU
		{96B91271-17AD-457B-95AC-8BAE70747558}.Debug|Any CPU.Build.0 = Debug|Any CPU
		{96B91271-17AD-457B-95AC-8BAE70747558}.Release|Any CPU.ActiveCfg = Release|Any CPU
		{96B91271-17AD-457B-95AC-8BAE70747558}.Release|Any CPU.Build.0 = Release|Any CPU
	EndGlobalSection
	GlobalSection(SolutionProperties) = preSolution
		HideSolutionNode = FALSE
	EndGlobalSection
EndGlobal
